
Microsoft Visual Studio Solution File, Format Version 12.00
# Visual Studio Version 17
VisualStudioVersion = 17.3.32929.385
MinimumVisualStudioVersion = 10.0.40219.1
Project("{FAE04EC0-301F-11D3-BF4B-00C04F79EFBC}") = "VicStateLibrary", "VicStateLibrary\VicStateLibrary.csproj", "{EF5160C2-C7E5-47BD-BBC2-197D2B3E514B}"
EndProject
Project("{FAE04EC0-301F-11D3-BF4B-00C04F79EFBC}") = "DAL", "DAL\DAL.csproj", "{1F28EF19-63EA-4DDD-B9D9-36AFAA65F310}"
EndProject
Global
	GlobalSection(SolutionConfigurationPlatforms) = preSolution
		Debug|Any CPU = Debug|Any CPU
		Release|Any CPU = Release|Any CPU
	EndGlobalSection
	GlobalSection(ProjectConfigurationPlatforms) = postSolution
		{EF5160C2-C7E5-47BD-BBC2-197D2B3E514B}.Debug|Any CPU.ActiveCfg = Debug|Any CPU
		{EF5160C2-C7E5-47BD-BBC2-197D2B3E514B}.Debug|Any CPU.Build.0 = Debug|Any CPU
		{EF5160C2-C7E5-47BD-BBC2-197D2B3E514B}.Release|Any CPU.ActiveCfg = Release|Any CPU
		{EF5160C2-C7E5-47BD-BBC2-197D2B3E514B}.Release|Any CPU.Build.0 = Release|Any CPU
		{1F28EF19-63EA-4DDD-B9D9-36AFAA65F310}.Debug|Any CPU.ActiveCfg = Debug|Any CPU
		{1F28EF19-63EA-4DDD-B9D9-36AFAA65F310}.Debug|Any CPU.Build.0 = Debug|Any CPU
		{1F28EF19-63EA-4DDD-B9D9-36AFAA65F310}.Release|Any CPU.ActiveCfg = Release|Any CPU
		{1F28EF19-63EA-4DDD-B9D9-36AFAA65F310}.Release|Any CPU.Build.0 = Release|Any CPU
	EndGlobalSection
	GlobalSection(SolutionProperties) = preSolution
		HideSolutionNode = FALSE
	EndGlobalSection
	GlobalSection(ExtensibilityGlobals) = postSolution
		SolutionGuid = {CDFE0EEA-8FDF-4B1D-A4E9-12F1E8434E75}
	EndGlobalSection
EndGlobal
